
Microsoft Visual Studio Solution File, Format Version 12.00
# Visual Studio Version 17
VisualStudioVersion = 17.14.36401.2
MinimumVisualStudioVersion = 10.0.40219.1
Project("{FAE04EC0-301F-11D3-BF4B-00C04F79EFBC}") = "BasicExercises", "Basic\BasicExercises.csproj", "{9CA04A67-AE63-4488-B983-5BB37B3628D4}"
EndProject
Project("{FAE04EC0-301F-11D3-BF4B-00C04F79EFBC}") = "BasicExercisesTests", "BasicTests\BasicExercisesTests.csproj", "{73C5E850-D687-4F24-94F9-30EF1445509E}"
EndProject
Global
	GlobalSection(SolutionConfigurationPlatforms) = preSolution
		Debug|Any CPU = Debug|Any CPU
		Release|Any CPU = Release|Any CPU
	EndGlobalSection
	GlobalSection(ProjectConfigurationPlatforms) = postSolution
		{9CA04A67-AE63-4488-B983-5BB37B3628D4}.Debug|Any CPU.ActiveCfg = Debug|Any CPU
		{9CA04A67-AE63-4488-B983-5BB37B3628D4}.Debug|Any CPU.Build.0 = Debug|Any CPU
		{9CA04A67-AE63-4488-B983-5BB37B3628D4}.Release|Any CPU.ActiveCfg = Release|Any CPU
		{9CA04A67-AE63-4488-B983-5BB37B3628D4}.Release|Any CPU.Build.0 = Release|Any CPU
		{73C5E850-D687-4F24-94F9-30EF1445509E}.Debug|Any CPU.ActiveCfg = Debug|Any CPU
		{73C5E850-D687-4F24-94F9-30EF1445509E}.Debug|Any CPU.Build.0 = Debug|Any CPU
		{73C5E850-D687-4F24-94F9-30EF1445509E}.Release|Any CPU.ActiveCfg = Release|Any CPU
		{73C5E850-D687-4F24-94F9-30EF1445509E}.Release|Any CPU.Build.0 = Release|Any CPU
	EndGlobalSection
	GlobalSection(SolutionProperties) = preSolution
		HideSolutionNode = FALSE
	EndGlobalSection
	GlobalSection(ExtensibilityGlobals) = postSolution
		SolutionGuid = {1FFCEF42-8678-4EA6-AEEF-BB00640FE7DD}
	EndGlobalSection
EndGlobal
